
Microsoft Visual Studio Solution File, Format Version 12.00
# Visual Studio Version 17
VisualStudioVersion = 17.8.34309.116
MinimumVisualStudioVersion = 10.0.40219.1
Project("{FAE04EC0-301F-11D3-BF4B-00C04F79EFBC}") = "ToDoList", "ToDoList\ToDoList.csproj", "{5F1735E7-FC2E-42A3-AB5E-2D273BA4692C}"
EndProject
Project("{2150E333-8FDC-42A3-9474-1A3956D46DE8}") = "Solution Items", "Solution Items", "{5A87DBDA-F602-4527-B1E3-18076E534F36}"
	ProjectSection(SolutionItems) = preProject
		README.md = README.md
	EndProjectSection
EndProject
Global
	GlobalSection(SolutionConfigurationPlatforms) = preSolution
		Debug|Any CPU = Debug|Any CPU
		Release|Any CPU = Release|Any CPU
	EndGlobalSection
	GlobalSection(ProjectConfigurationPlatforms) = postSolution
		{5F1735E7-FC2E-42A3-AB5E-2D273BA4692C}.Debug|Any CPU.ActiveCfg = Debug|Any CPU
		{5F1735E7-FC2E-42A3-AB5E-2D273BA4692C}.Debug|Any CPU.Build.0 = Debug|Any CPU
		{5F1735E7-FC2E-42A3-AB5E-2D273BA4692C}.Release|Any CPU.ActiveCfg = Release|Any CPU
		{5F1735E7-FC2E-42A3-AB5E-2D273BA4692C}.Release|Any CPU.Build.0 = Release|Any CPU
	EndGlobalSection
	GlobalSection(SolutionProperties) = preSolution
		HideSolutionNode = FALSE
	EndGlobalSection
	GlobalSection(ExtensibilityGlobals) = postSolution
		SolutionGuid = {3BDBCF69-C695-4922-A1F5-689C25B868DA}
	EndGlobalSection
EndGlobal
